// !$*UTF8*$!
{
	archiveVersion = 1;
	classes = {
	};
	objectVersion = 56;
	objects = {

/* Begin PBXBuildFile section */
		F65DA47E1CD641D79C7E5A60 /* ManualSAMURApp.swift in Sources */ = {isa = PBXBuildFile; fileRef = 0C72FCEA1DA9409C96CA9768 /* ManualSAMURApp.swift */; };
		AC5FED6D3D0F42CDB2193280 /* RootView.swift in Sources */ = {isa = PBXBuildFile; fileRef = 89CC8E887CF847D7A294D9FB /* RootView.swift */; };
		F35DEE194DE24216B07983C2 /* Procedure.swift in Sources */ = {isa = PBXBuildFile; fileRef = C2EB871508714D8B8B52D275 /* Procedure.swift */; };
		A2DB6AA5D5FD4EC7AA4C3F3D /* Drug.swift in Sources */ = {isa = PBXBuildFile; fileRef = AD2E4E851A2344D3BB6B9417 /* Drug.swift */; };
		1E094FA316EB4DC4B0A33363 /* Code.swift in Sources */ = {isa = PBXBuildFile; fileRef = 14A04D8859A94D31B8DDE8BC /* Code.swift */; };
		CA8BC90130AA4964911EFA9E /* Hospital.swift in Sources */ = {isa = PBXBuildFile; fileRef = 64A9F152770E4791BF55463A /* Hospital.swift */; };
		5CCA7DE1BCF5485CB0E8844E /* Manifest.swift in Sources */ = {isa = PBXBuildFile; fileRef = 757E3D40F9E44C52AB92B53C /* Manifest.swift */; };
		950AF04E7DE542FC8E28BA8B /* DataStore.swift in Sources */ = {isa = PBXBuildFile; fileRef = 550D46DDB7DA4350B2EBC7FB /* DataStore.swift */; };
		505DEB4A608B463EA02E6725 /* DataService.swift in Sources */ = {isa = PBXBuildFile; fileRef = DA284D0BEFF047E2AC77DA0B /* DataService.swift */; };
		0B1C2DAD9DDE405B899B26B1 /* ManualView.swift in Sources */ = {isa = PBXBuildFile; fileRef = 95E12014B4884A52972D652A /* ManualView.swift */; };
		750198DC5A4B4E0CB941B049 /* ProcedureDetailView.swift in Sources */ = {isa = PBXBuildFile; fileRef = 9E115D5F465A4286AFDA7A92 /* ProcedureDetailView.swift */; };
		63FDAA60123244179E01F475 /* CodigosView.swift in Sources */ = {isa = PBXBuildFile; fileRef = 98F59336C3744DDAB399ECA9 /* CodigosView.swift */; };
		581CF6258D2B4E27840CE968 /* CodeDetailView.swift in Sources */ = {isa = PBXBuildFile; fileRef = 5290255F783F4B2599F9665E /* CodeDetailView.swift */; };
		FBDEBE034AB945CC952D1D23 /* VademecumView.swift in Sources */ = {isa = PBXBuildFile; fileRef = 4E47FA49E8F54B368BBB11C1 /* VademecumView.swift */; };
		85FD236E7BEB469FBB3ECC86 /* DrugDetailView.swift in Sources */ = {isa = PBXBuildFile; fileRef = E8724F2E876943AF80AA63C9 /* DrugDetailView.swift */; };
		410E130534CB4D41BB6AFCA7 /* MapaView.swift in Sources */ = {isa = PBXBuildFile; fileRef = 0D5FFBAE40FE44A6837EA0B7 /* MapaView.swift */; };
		A5680F4EF6B04863B604E10E /* LoadingView.swift in Sources */ = {isa = PBXBuildFile; fileRef = 7F43B43CE0F24E96B367ABE5 /* LoadingView.swift */; };
		E2899DF2FF6F4044BB496AD4 /* SectionBadge.swift in Sources */ = {isa = PBXBuildFile; fileRef = D7F8F2CCCC3C43C8B6B807C4 /* SectionBadge.swift */; };
		83B7478990CD4D399CDC3CD3 /* EmptySearchView.swift in Sources */ = {isa = PBXBuildFile; fileRef = 058ED5171EAE4455A9E70B72 /* EmptySearchView.swift */; };
		2F8329BD595A4F64936362E7 /* ColorExtension.swift in Sources */ = {isa = PBXBuildFile; fileRef = C233C951F2994CEBB849A48F /* ColorExtension.swift */; };
		553C7461C3F543EE85901F93 /* Assets.xcassets in Resources */ = {isa = PBXBuildFile; fileRef = 676D7BA92F774678B5F3E4B8 /* Assets.xcassets */; };
		31CDB8A20FD0467DAF3FC6F7 /* MarkdownUI in Frameworks */ = {isa = PBXBuildFile; productRef = 656C46BA777F4266AE7E80DB /* MarkdownUI */; };
		E50EE9C0B03C402483F2532E /* procedures.json in Resources */ = {isa = PBXBuildFile; fileRef = 465CE1DBC7034C9D85AE0AA8 /* procedures.json */; };
		CCBECB52B7044DB99E7B6EC9 /* vademecum.json in Resources */ = {isa = PBXBuildFile; fileRef = AECB8989B2204FE3AE33F09D /* vademecum.json */; };
		47EB8EA1E9F64CB6918E42F5 /* codigos.json in Resources */ = {isa = PBXBuildFile; fileRef = 99EC9311291848C3B1C65883 /* codigos.json */; };
		F35B389CA4214A84959B6500 /* hospitals.json in Resources */ = {isa = PBXBuildFile; fileRef = B76AA2AB4CB74B58A607B8D8 /* hospitals.json */; };
		AA1234567890ABCDEF123456 /* Base.swift in Sources */ = {isa = PBXBuildFile; fileRef = BB1234567890ABCDEF123456 /* Base.swift */; };
		AA2B3C4D5E6F7A8B9C0D1E22 /* ManualUpdateEvent.swift in Sources */ = {isa = PBXBuildFile; fileRef = FA1B2C3D4E5F6A7B8C9D0E11 /* ManualUpdateEvent.swift */; };
		CC4D5E6F7A8B9C0D1E2F3A44 /* ProcedureSection.swift in Sources */ = {isa = PBXBuildFile; fileRef = BB3C4D5E6F7A8B9C0D1E2F33 /* ProcedureSection.swift */; };
		EE6F7A8B9C0D1E2F3A4B5C66 /* SectionDetailView.swift in Sources */ = {isa = PBXBuildFile; fileRef = DD5E6F7A8B9C0D1E2F3A4B55 /* SectionDetailView.swift */; };
		GG8A9B0C1D2E3F4A5B6C7D88 /* HistorialView.swift in Sources */ = {isa = PBXBuildFile; fileRef = FF7A8B9C0D1E2F3A4B5C6D77 /* HistorialView.swift */; };
		CC1234567890ABCDEF123456 /* Status4Entry.swift in Sources */ = {isa = PBXBuildFile; fileRef = DD1234567890ABCDEF123456 /* Status4Entry.swift */; };
		EE1234567890ABCDEF123456 /* bases.json in Resources */ = {isa = PBXBuildFile; fileRef = FF1234567890ABCDEF123456 /* bases.json */; };
		001234567890ABCDEF123456 /* status4.json in Resources */ = {isa = PBXBuildFile; fileRef = 111234567890ABCDEF123456 /* status4.json */; };
		A1B2C3D4E5F601234567ABCD /* GlobalSearchView.swift in Sources */ = {isa = PBXBuildFile; fileRef = A1B2C3D4E5F612345678ABCD /* GlobalSearchView.swift */; };
		C1D2E3F4A5B601234567ABCD /* AbreviaturasView.swift in Sources */ = {isa = PBXBuildFile; fileRef = C1D2E3F4A5B612345678ABCD /* AbreviaturasView.swift */; };
		E1F2A3B4C5D601234567ABCD /* AppMenuSheet.swift in Sources */ = {isa = PBXBuildFile; fileRef = E1F2A3B4C5D612345678ABCD /* AppMenuSheet.swift */; };
		A2B3C4D5E6F701234567ABCD /* abreviaturas.json in Resources */ = {isa = PBXBuildFile; fileRef = A2B3C4D5E6F712345678ABCD /* abreviaturas.json */; };
		DD084EC6EAC84F7A908F894F /* CheatsheetSection.swift in Sources */ = {isa = PBXBuildFile; fileRef = DAC34734428D41E999823921 /* CheatsheetSection.swift */; };
		1ED1ABED6A584C8F86540E44 /* CommercialDrug.swift in Sources */ = {isa = PBXBuildFile; fileRef = 70D3C12B221F474F8534BF16 /* CommercialDrug.swift */; };
		CB412335E29A464F9D831518 /* Fluid.swift in Sources */ = {isa = PBXBuildFile; fileRef = 9B1DAEFE1D49401C9C4E8BD7 /* Fluid.swift */; };
		44C92D2A391040DDBFA3005B /* PDFAttachment.swift in Sources */ = {isa = PBXBuildFile; fileRef = 7A5402C8CE604604A1861622 /* PDFAttachment.swift */; };
		D987CEFF31C84D51873AC38E /* Perfusion.swift in Sources */ = {isa = PBXBuildFile; fileRef = 2FFFAEC6DD3841C68D539761 /* Perfusion.swift */; };
		95D55726170A498EA2845DDF /* PerfusionDetailView.swift in Sources */ = {isa = PBXBuildFile; fileRef = D10FF60AA6CD4171A8E3EC54 /* PerfusionDetailView.swift */; };
		92702C99AE5E458A9CA40A96 /* FluidDetailView.swift in Sources */ = {isa = PBXBuildFile; fileRef = 8AFE760E73F24BC596FE63D6 /* FluidDetailView.swift */; };
		39480F2E424141F686A63F74 /* ProcedureAnnexesView.swift in Sources */ = {isa = PBXBuildFile; fileRef = B0E20FCB236D407CA25400C4 /* ProcedureAnnexesView.swift */; };
		22C5FB02B3184675B8379B96 /* codigos-cheatsheet.json in Resources */ = {isa = PBXBuildFile; fileRef = 3E0A69C6DEBA4FE3A2D52D3D /* codigos-cheatsheet.json */; };
		2B114A337B0A4EEC96311492 /* fluidos.json in Resources */ = {isa = PBXBuildFile; fileRef = 390F0CF102C24A3C9F71DEDE /* fluidos.json */; };
		78582CB7C80E41E390653904 /* pdf-classification.json in Resources */ = {isa = PBXBuildFile; fileRef = CD12258577424C69B324E1EF /* pdf-classification.json */; };
		E7A132E6F1B244BCA77CA73B /* perfusiones.json in Resources */ = {isa = PBXBuildFile; fileRef = A4B744A6DF1741AFBC7C9CC9 /* perfusiones.json */; };
		28FD9555640846E391C1A843 /* vademecum-comerciales.json in Resources */ = {isa = PBXBuildFile; fileRef = 2AF13C66682E4E6FB931EA44 /* vademecum-comerciales.json */; };
		AA1122334455667788990011 /* TypographyExtension.swift in Sources */ = {isa = PBXBuildFile; fileRef = BB1122334455667788990022 /* TypographyExtension.swift */; };
		CC1122334455667788990033 /* HapticFeedback.swift in Sources */ = {isa = PBXBuildFile; fileRef = DD1122334455667788990044 /* HapticFeedback.swift */; };
		F1A2B3C4D5E601234567ABCD /* DesignSystem.swift in Sources */ = {isa = PBXBuildFile; fileRef = F1A2B3C4D5E612345678ABCD /* DesignSystem.swift */; };
		B2C3D4E5F6A701234567BCDE /* ProcedureListRow.swift in Sources */ = {isa = PBXBuildFile; fileRef = B2C3D4E5F6A712345678BCDE /* ProcedureListRow.swift */; };
		C3D4E5F6A7B801234567CDEF /* SectionGroup.swift in Sources */ = {isa = PBXBuildFile; fileRef = C3D4E5F6A7B812345678CDEF /* SectionGroup.swift */; };
		EE1122334455667788990055 /* InstrumentSans-Regular.ttf in Resources */ = {isa = PBXBuildFile; fileRef = FF1122334455667788990066 /* InstrumentSans-Regular.ttf */; };
		AA2233445566778899001122 /* InstrumentSans-Medium.ttf in Resources */ = {isa = PBXBuildFile; fileRef = BB2233445566778899002233 /* InstrumentSans-Medium.ttf */; };
		CC2233445566778899003344 /* InstrumentSans-SemiBold.ttf in Resources */ = {isa = PBXBuildFile; fileRef = DD2233445566778899004455 /* InstrumentSans-SemiBold.ttf */; };
		EE2233445566778899005566 /* InstrumentSans-Bold.ttf in Resources */ = {isa = PBXBuildFile; fileRef = FF2233445566778899006677 /* InstrumentSans-Bold.ttf */; };
/* End PBXBuildFile section */

/* Begin PBXFileReference section */
		00984D71ECD34A7684642882 /* ManualSAMUR.app */ = {isa = PBXFileReference; explicitFileType = wrapper.application; includeInIndex = 0; path = ManualSAMUR.app; sourceTree = BUILT_PRODUCTS_DIR; };
		0C72FCEA1DA9409C96CA9768 /* ManualSAMURApp.swift */ = {isa = PBXFileReference; lastKnownFileType = sourcecode.swift; path = ManualSAMURApp.swift; sourceTree = "<group>"; };
		89CC8E887CF847D7A294D9FB /* RootView.swift */ = {isa = PBXFileReference; lastKnownFileType = sourcecode.swift; path = RootView.swift; sourceTree = "<group>"; };
		C2EB871508714D8B8B52D275 /* Procedure.swift */ = {isa = PBXFileReference; lastKnownFileType = sourcecode.swift; path = Procedure.swift; sourceTree = "<group>"; };
		AD2E4E851A2344D3BB6B9417 /* Drug.swift */ = {isa = PBXFileReference; lastKnownFileType = sourcecode.swift; path = Drug.swift; sourceTree = "<group>"; };
		14A04D8859A94D31B8DDE8BC /* Code.swift */ = {isa = PBXFileReference; lastKnownFileType = sourcecode.swift; path = Code.swift; sourceTree = "<group>"; };
		64A9F152770E4791BF55463A /* Hospital.swift */ = {isa = PBXFileReference; lastKnownFileType = sourcecode.swift; path = Hospital.swift; sourceTree = "<group>"; };
		757E3D40F9E44C52AB92B53C /* Manifest.swift */ = {isa = PBXFileReference; lastKnownFileType = sourcecode.swift; path = Manifest.swift; sourceTree = "<group>"; };
		550D46DDB7DA4350B2EBC7FB /* DataStore.swift */ = {isa = PBXFileReference; lastKnownFileType = sourcecode.swift; path = DataStore.swift; sourceTree = "<group>"; };
		DA284D0BEFF047E2AC77DA0B /* DataService.swift */ = {isa = PBXFileReference; lastKnownFileType = sourcecode.swift; path = DataService.swift; sourceTree = "<group>"; };
		95E12014B4884A52972D652A /* ManualView.swift */ = {isa = PBXFileReference; lastKnownFileType = sourcecode.swift; path = ManualView.swift; sourceTree = "<group>"; };
		9E115D5F465A4286AFDA7A92 /* ProcedureDetailView.swift */ = {isa = PBXFileReference; lastKnownFileType = sourcecode.swift; path = ProcedureDetailView.swift; sourceTree = "<group>"; };
		98F59336C3744DDAB399ECA9 /* CodigosView.swift */ = {isa = PBXFileReference; lastKnownFileType = sourcecode.swift; path = CodigosView.swift; sourceTree = "<group>"; };
		5290255F783F4B2599F9665E /* CodeDetailView.swift */ = {isa = PBXFileReference; lastKnownFileType = sourcecode.swift; path = CodeDetailView.swift; sourceTree = "<group>"; };
		4E47FA49E8F54B368BBB11C1 /* VademecumView.swift */ = {isa = PBXFileReference; lastKnownFileType = sourcecode.swift; path = VademecumView.swift; sourceTree = "<group>"; };
		E8724F2E876943AF80AA63C9 /* DrugDetailView.swift */ = {isa = PBXFileReference; lastKnownFileType = sourcecode.swift; path = DrugDetailView.swift; sourceTree = "<group>"; };
		0D5FFBAE40FE44A6837EA0B7 /* MapaView.swift */ = {isa = PBXFileReference; lastKnownFileType = sourcecode.swift; path = MapaView.swift; sourceTree = "<group>"; };
		7F43B43CE0F24E96B367ABE5 /* LoadingView.swift */ = {isa = PBXFileReference; lastKnownFileType = sourcecode.swift; path = LoadingView.swift; sourceTree = "<group>"; };
		D7F8F2CCCC3C43C8B6B807C4 /* SectionBadge.swift */ = {isa = PBXFileReference; lastKnownFileType = sourcecode.swift; path = SectionBadge.swift; sourceTree = "<group>"; };
		058ED5171EAE4455A9E70B72 /* EmptySearchView.swift */ = {isa = PBXFileReference; lastKnownFileType = sourcecode.swift; path = EmptySearchView.swift; sourceTree = "<group>"; };
		C233C951F2994CEBB849A48F /* ColorExtension.swift */ = {isa = PBXFileReference; lastKnownFileType = sourcecode.swift; path = ColorExtension.swift; sourceTree = "<group>"; };
		BB1122334455667788990022 /* TypographyExtension.swift */ = {isa = PBXFileReference; lastKnownFileType = sourcecode.swift; path = TypographyExtension.swift; sourceTree = "<group>"; };
		DD1122334455667788990044 /* HapticFeedback.swift */ = {isa = PBXFileReference; lastKnownFileType = sourcecode.swift; path = HapticFeedback.swift; sourceTree = "<group>"; };
		F1A2B3C4D5E612345678ABCD /* DesignSystem.swift */ = {isa = PBXFileReference; lastKnownFileType = sourcecode.swift; path = DesignSystem.swift; sourceTree = "<group>"; };
		FF1122334455667788990066 /* InstrumentSans-Regular.ttf */ = {isa = PBXFileReference; lastKnownFileType = file; path = "InstrumentSans-Regular.ttf"; sourceTree = "<group>"; };
		BB2233445566778899002233 /* InstrumentSans-Medium.ttf */ = {isa = PBXFileReference; lastKnownFileType = file; path = "InstrumentSans-Medium.ttf"; sourceTree = "<group>"; };
		DD2233445566778899004455 /* InstrumentSans-SemiBold.ttf */ = {isa = PBXFileReference; lastKnownFileType = file; path = "InstrumentSans-SemiBold.ttf"; sourceTree = "<group>"; };
		FF2233445566778899006677 /* InstrumentSans-Bold.ttf */ = {isa = PBXFileReference; lastKnownFileType = file; path = "InstrumentSans-Bold.ttf"; sourceTree = "<group>"; };
		808B4DFBBC8C4977B565D1C0 /* Info.plist */ = {isa = PBXFileReference; lastKnownFileType = text.plist.xml; path = Info.plist; sourceTree = "<group>"; };
		676D7BA92F774678B5F3E4B8 /* Assets.xcassets */ = {isa = PBXFileReference; lastKnownFileType = folder.assetcatalog; path = Assets.xcassets; sourceTree = "<group>"; };
		465CE1DBC7034C9D85AE0AA8 /* procedures.json */ = {isa = PBXFileReference; lastKnownFileType = text.json; path = procedures.json; sourceTree = "<group>"; };
		AECB8989B2204FE3AE33F09D /* vademecum.json */ = {isa = PBXFileReference; lastKnownFileType = text.json; path = vademecum.json; sourceTree = "<group>"; };
		99EC9311291848C3B1C65883 /* codigos.json */ = {isa = PBXFileReference; lastKnownFileType = text.json; path = codigos.json; sourceTree = "<group>"; };
		B76AA2AB4CB74B58A607B8D8 /* hospitals.json */ = {isa = PBXFileReference; lastKnownFileType = text.json; path = hospitals.json; sourceTree = "<group>"; };
		BB1234567890ABCDEF123456 /* Base.swift */ = {isa = PBXFileReference; lastKnownFileType = sourcecode.swift; path = Base.swift; sourceTree = "<group>"; };
		FA1B2C3D4E5F6A7B8C9D0E11 /* ManualUpdateEvent.swift */ = {isa = PBXFileReference; lastKnownFileType = sourcecode.swift; path = ManualUpdateEvent.swift; sourceTree = "<group>"; };
		BB3C4D5E6F7A8B9C0D1E2F33 /* ProcedureSection.swift */ = {isa = PBXFileReference; lastKnownFileType = sourcecode.swift; path = ProcedureSection.swift; sourceTree = "<group>"; };
		DD5E6F7A8B9C0D1E2F3A4B55 /* SectionDetailView.swift */ = {isa = PBXFileReference; lastKnownFileType = sourcecode.swift; path = SectionDetailView.swift; sourceTree = "<group>"; };
		FF7A8B9C0D1E2F3A4B5C6D77 /* HistorialView.swift */ = {isa = PBXFileReference; lastKnownFileType = sourcecode.swift; path = HistorialView.swift; sourceTree = "<group>"; };
		DD1234567890ABCDEF123456 /* Status4Entry.swift */ = {isa = PBXFileReference; lastKnownFileType = sourcecode.swift; path = Status4Entry.swift; sourceTree = "<group>"; };
		FF1234567890ABCDEF123456 /* bases.json */ = {isa = PBXFileReference; lastKnownFileType = text.json; path = bases.json; sourceTree = "<group>"; };
		111234567890ABCDEF123456 /* status4.json */ = {isa = PBXFileReference; lastKnownFileType = text.json; path = status4.json; sourceTree = "<group>"; };
		A1B2C3D4E5F612345678ABCD /* GlobalSearchView.swift */ = {isa = PBXFileReference; lastKnownFileType = sourcecode.swift; path = GlobalSearchView.swift; sourceTree = "<group>"; };
		C1D2E3F4A5B612345678ABCD /* AbreviaturasView.swift */ = {isa = PBXFileReference; lastKnownFileType = sourcecode.swift; path = AbreviaturasView.swift; sourceTree = "<group>"; };
		E1F2A3B4C5D612345678ABCD /* AppMenuSheet.swift */ = {isa = PBXFileReference; lastKnownFileType = sourcecode.swift; path = AppMenuSheet.swift; sourceTree = "<group>"; };
		B2C3D4E5F6A712345678BCDE /* ProcedureListRow.swift */ = {isa = PBXFileReference; lastKnownFileType = sourcecode.swift; path = ProcedureListRow.swift; sourceTree = "<group>"; };
		C3D4E5F6A7B812345678CDEF /* SectionGroup.swift */ = {isa = PBXFileReference; lastKnownFileType = sourcecode.swift; path = SectionGroup.swift; sourceTree = "<group>"; };
		A2B3C4D5E6F712345678ABCD /* abreviaturas.json */ = {isa = PBXFileReference; lastKnownFileType = text.json; path = abreviaturas.json; sourceTree = "<group>"; };
		DAC34734428D41E999823921 /* CheatsheetSection.swift */ = {isa = PBXFileReference; lastKnownFileType = sourcecode.swift; path = CheatsheetSection.swift; sourceTree = "<group>"; };
		70D3C12B221F474F8534BF16 /* CommercialDrug.swift */ = {isa = PBXFileReference; lastKnownFileType = sourcecode.swift; path = CommercialDrug.swift; sourceTree = "<group>"; };
		9B1DAEFE1D49401C9C4E8BD7 /* Fluid.swift */ = {isa = PBXFileReference; lastKnownFileType = sourcecode.swift; path = Fluid.swift; sourceTree = "<group>"; };
		7A5402C8CE604604A1861622 /* PDFAttachment.swift */ = {isa = PBXFileReference; lastKnownFileType = sourcecode.swift; path = PDFAttachment.swift; sourceTree = "<group>"; };
		2FFFAEC6DD3841C68D539761 /* Perfusion.swift */ = {isa = PBXFileReference; lastKnownFileType = sourcecode.swift; path = Perfusion.swift; sourceTree = "<group>"; };
		D10FF60AA6CD4171A8E3EC54 /* PerfusionDetailView.swift */ = {isa = PBXFileReference; lastKnownFileType = sourcecode.swift; path = PerfusionDetailView.swift; sourceTree = "<group>"; };
		8AFE760E73F24BC596FE63D6 /* FluidDetailView.swift */ = {isa = PBXFileReference; lastKnownFileType = sourcecode.swift; path = FluidDetailView.swift; sourceTree = "<group>"; };
		B0E20FCB236D407CA25400C4 /* ProcedureAnnexesView.swift */ = {isa = PBXFileReference; lastKnownFileType = sourcecode.swift; path = ProcedureAnnexesView.swift; sourceTree = "<group>"; };
		3E0A69C6DEBA4FE3A2D52D3D /* codigos-cheatsheet.json */ = {isa = PBXFileReference; lastKnownFileType = text.json; path = codigos-cheatsheet.json; sourceTree = "<group>"; };
		390F0CF102C24A3C9F71DEDE /* fluidos.json */ = {isa = PBXFileReference; lastKnownFileType = text.json; path = fluidos.json; sourceTree = "<group>"; };
		CD12258577424C69B324E1EF /* pdf-classification.json */ = {isa = PBXFileReference; lastKnownFileType = text.json; path = pdf-classification.json; sourceTree = "<group>"; };
		A4B744A6DF1741AFBC7C9CC9 /* perfusiones.json */ = {isa = PBXFileReference; lastKnownFileType = text.json; path = perfusiones.json; sourceTree = "<group>"; };
		2AF13C66682E4E6FB931EA44 /* vademecum-comerciales.json */ = {isa = PBXFileReference; lastKnownFileType = text.json; path = vademecum-comerciales.json; sourceTree = "<group>"; };
/* End PBXFileReference section */

/* Begin PBXFrameworksBuildPhase section */
		9D0F39C03DC94AEB9737AD44 /* Frameworks */ = {
			isa = PBXFrameworksBuildPhase;
			buildActionMask = 2147483647;
			files = (
				31CDB8A20FD0467DAF3FC6F7 /* MarkdownUI in Frameworks */,
			);
			runOnlyForDeploymentPostprocessing = 0;
		};
/* End PBXFrameworksBuildPhase section */

/* Begin PBXGroup section */
		B0B23E4A1B184ED5BBB5870E /* MainGroup */ = {
			isa = PBXGroup;
			children = (
				0B29D6CCB2A841D18A0C4EF7 /* ManualSAMUR */,
				9DE38EEB3A8B40E389B3D6A5 /* Products */,
			);
			sourceTree = "<group>";
		};
		0B29D6CCB2A841D18A0C4EF7 /* ManualSAMUR */ = {
			isa = PBXGroup;
			children = (
				B7A75961C36A4BD8801EFC1C /* App */,
				46A2F5639550494AA2B2CF77 /* Models */,
				3D9CCD71EAE24C0DA14362B5 /* Services */,
				444AE47C9FEE4E1CB29F452E /* Views */,
				9040221A451C4795A13261D9 /* Resources */,
				808B4DFBBC8C4977B565D1C0 /* Info.plist */,
			);
			name = ManualSAMUR;
			path = ManualSAMUR;
			sourceTree = "<group>";
		};
		9DE38EEB3A8B40E389B3D6A5 /* Products */ = {
			isa = PBXGroup;
			children = (
				00984D71ECD34A7684642882 /* ManualSAMUR.app */,
			);
			name = Products;
			sourceTree = "<group>";
		};
		B7A75961C36A4BD8801EFC1C /* App */ = {
			isa = PBXGroup;
			children = (
				0C72FCEA1DA9409C96CA9768 /* ManualSAMURApp.swift */,
				89CC8E887CF847D7A294D9FB /* RootView.swift */,
			);
			path = App;
			sourceTree = "<group>";
		};
		46A2F5639550494AA2B2CF77 /* Models */ = {
			isa = PBXGroup;
			children = (
				C2EB871508714D8B8B52D275 /* Procedure.swift */,
				AD2E4E851A2344D3BB6B9417 /* Drug.swift */,
				14A04D8859A94D31B8DDE8BC /* Code.swift */,
				64A9F152770E4791BF55463A /* Hospital.swift */,
				757E3D40F9E44C52AB92B53C /* Manifest.swift */,
				BB1234567890ABCDEF123456 /* Base.swift */,
				DD1234567890ABCDEF123456 /* Status4Entry.swift */,
				FA1B2C3D4E5F6A7B8C9D0E11 /* ManualUpdateEvent.swift */,
				BB3C4D5E6F7A8B9C0D1E2F33 /* ProcedureSection.swift */,

				DAC34734428D41E999823921 /* added */,
				70D3C12B221F474F8534BF16 /* added */,
				9B1DAEFE1D49401C9C4E8BD7 /* added */,
				7A5402C8CE604604A1861622 /* added */,
				2FFFAEC6DD3841C68D539761 /* added */,
);
			path = Models;
			sourceTree = "<group>";
		};
		3D9CCD71EAE24C0DA14362B5 /* Services */ = {
			isa = PBXGroup;
			children = (
				550D46DDB7DA4350B2EBC7FB /* DataStore.swift */,
				DA284D0BEFF047E2AC77DA0B /* DataService.swift */,
			);
			path = Services;
			sourceTree = "<group>";
		};
		444AE47C9FEE4E1CB29F452E /* Views */ = {
			isa = PBXGroup;
			children = (
				7DAB1A3BF6AF4841B24DB148 /* Manual */,
				58936469F2E8460AA8F3E72E /* Codigos */,
				A4D1E9B6DD024F02B6A4779A /* Vademecum */,
				EAAC135512574245A147B0BC /* Mapa */,
				455E556382E346B69D5BC503 /* Shared */,
			);
			path = Views;
			sourceTree = "<group>";
		};
		7DAB1A3BF6AF4841B24DB148 /* Manual */ = {
			isa = PBXGroup;
			children = (
				95E12014B4884A52972D652A /* ManualView.swift */,
				9E115D5F465A4286AFDA7A92 /* ProcedureDetailView.swift */,
				DD5E6F7A8B9C0D1E2F3A4B55 /* SectionDetailView.swift */,
				FF7A8B9C0D1E2F3A4B5C6D77 /* HistorialView.swift */,

				B0E20FCB236D407CA25400C4 /* added */,
);
			path = Manual;
			sourceTree = "<group>";
		};
		58936469F2E8460AA8F3E72E /* Codigos */ = {
			isa = PBXGroup;
			children = (
				98F59336C3744DDAB399ECA9 /* CodigosView.swift */,
				5290255F783F4B2599F9665E /* CodeDetailView.swift */,
			);
			path = Codigos;
			sourceTree = "<group>";
		};
		A4D1E9B6DD024F02B6A4779A /* Vademecum */ = {
			isa = PBXGroup;
			children = (
				4E47FA49E8F54B368BBB11C1 /* VademecumView.swift */,
				E8724F2E876943AF80AA63C9 /* DrugDetailView.swift */,
			
				D10FF60AA6CD4171A8E3EC54 /* added */,
				8AFE760E73F24BC596FE63D6 /* added */,
);
			path = Vademecum;
			sourceTree = "<group>";
		};
		EAAC135512574245A147B0BC /* Mapa */ = {
			isa = PBXGroup;
			children = (
				0D5FFBAE40FE44A6837EA0B7 /* MapaView.swift */,
			);
			path = Mapa;
			sourceTree = "<group>";
		};
		455E556382E346B69D5BC503 /* Shared */ = {
			isa = PBXGroup;
			children = (
				7F43B43CE0F24E96B367ABE5 /* LoadingView.swift */,
				D7F8F2CCCC3C43C8B6B807C4 /* SectionBadge.swift */,
				058ED5171EAE4455A9E70B72 /* EmptySearchView.swift */,
				C233C951F2994CEBB849A48F /* ColorExtension.swift */,
				BB1122334455667788990022 /* TypographyExtension.swift */,
				DD1122334455667788990044 /* HapticFeedback.swift */,
				F1A2B3C4D5E612345678ABCD /* DesignSystem.swift */,
				B2C3D4E5F6A712345678BCDE /* ProcedureListRow.swift */,
				C3D4E5F6A7B812345678CDEF /* SectionGroup.swift */,
				A1B2C3D4E5F612345678ABCD /* GlobalSearchView.swift */,
				C1D2E3F4A5B612345678ABCD /* AbreviaturasView.swift */,
				E1F2A3B4C5D612345678ABCD /* AppMenuSheet.swift */,
			);
			path = Shared;
			sourceTree = "<group>";
		};
		AA3344556677889900AABB11 /* Fonts */ = {
			isa = PBXGroup;
			children = (
				FF1122334455667788990066 /* InstrumentSans-Regular.ttf */,
				BB2233445566778899002233 /* InstrumentSans-Medium.ttf */,
				DD2233445566778899004455 /* InstrumentSans-SemiBold.ttf */,
				FF2233445566778899006677 /* InstrumentSans-Bold.ttf */,
			);
			path = Fonts;
			sourceTree = "<group>";
		};
		9040221A451C4795A13261D9 /* Resources */ = {
			isa = PBXGroup;
			children = (
				676D7BA92F774678B5F3E4B8 /* Assets.xcassets */,
				9A0D786551D14E8AB2CEB92A /* BundledData */,
				AA3344556677889900AABB11 /* Fonts */,
			);
			path = Resources;
			sourceTree = "<group>";
		};
		9A0D786551D14E8AB2CEB92A /* BundledData */ = {
			isa = PBXGroup;
			children = (
				465CE1DBC7034C9D85AE0AA8 /* procedures.json */,
				AECB8989B2204FE3AE33F09D /* vademecum.json */,
				99EC9311291848C3B1C65883 /* codigos.json */,
				B76AA2AB4CB74B58A607B8D8 /* hospitals.json */,
				FF1234567890ABCDEF123456 /* bases.json */,
				111234567890ABCDEF123456 /* status4.json */,
				A2B3C4D5E6F712345678ABCD /* abreviaturas.json */,
			
				3E0A69C6DEBA4FE3A2D52D3D /* added */,
				390F0CF102C24A3C9F71DEDE /* added */,
				CD12258577424C69B324E1EF /* added */,
				A4B744A6DF1741AFBC7C9CC9 /* added */,
				2AF13C66682E4E6FB931EA44 /* added */,
);
			path = BundledData;
			sourceTree = "<group>";
		};
/* End PBXGroup section */

/* Begin PBXNativeTarget section */
		F384ECF0777A4196BAB92D2C /* ManualSAMUR */ = {
			isa = PBXNativeTarget;
			buildConfigurationList = BA135DE65FB0458480B09E50 /* Build configuration list for PBXNativeTarget "ManualSAMUR" */;
			buildPhases = (
				44C8C1CE505645CA82721FAF /* Sources */,
				9D0F39C03DC94AEB9737AD44 /* Frameworks */,
				5328386B122F4F439B98F0BA /* Resources */,
			);
			buildRules = (
			);
			dependencies = (
			);
			name = ManualSAMUR;
			packageProductDependencies = (
				656C46BA777F4266AE7E80DB /* MarkdownUI */,
			);
			productName = ManualSAMUR;
			productReference = 00984D71ECD34A7684642882 /* ManualSAMUR.app */;
			productType = "com.apple.product-type.application";
		};
/* End PBXNativeTarget section */

/* Begin PBXProject section */
		131E5B9D6B494F59BFA0A365 /* Project object */ = {
			isa = PBXProject;
			attributes = {
				BuildIndependentTargetsInParallel = 1;
				LastSwiftUpdateCheck = 1600;
				LastUpgradeCheck = 1600;
				TargetAttributes = {
					F384ECF0777A4196BAB92D2C = {
						CreatedOnToolsVersion = 16.0;
					};
				};
			};
			buildConfigurationList = 953E27A466FC4759B1B3D112 /* Build configuration list for PBXProject "ManualSAMUR" */;
			compatibilityVersion = "Xcode 14.0";
			developmentRegion = es;
			hasScannedForEncodings = 0;
			knownRegions = (
				en,
				es,
				Base,
			);
			mainGroup = B0B23E4A1B184ED5BBB5870E;
			packageReferences = (
				C6894D4282664CA293D2792C /* XCRemoteSwiftPackageReference "swift-markdown-ui" */,
			);
			productRefGroup = 9DE38EEB3A8B40E389B3D6A5 /* Products */;
			projectDirPath = "";
			projectRoot = "";
			targets = (
				F384ECF0777A4196BAB92D2C /* ManualSAMUR */,
			);
		};
/* End PBXProject section */

/* Begin PBXResourcesBuildPhase section */
		5328386B122F4F439B98F0BA /* Resources */ = {
			isa = PBXResourcesBuildPhase;
			buildActionMask = 2147483647;
			files = (
				553C7461C3F543EE85901F93 /* Assets.xcassets in Resources */,
				E50EE9C0B03C402483F2532E /* procedures.json in Resources */,
				CCBECB52B7044DB99E7B6EC9 /* vademecum.json in Resources */,
				47EB8EA1E9F64CB6918E42F5 /* codigos.json in Resources */,
				F35B389CA4214A84959B6500 /* hospitals.json in Resources */,
				EE1234567890ABCDEF123456 /* bases.json in Resources */,
				001234567890ABCDEF123456 /* status4.json in Resources */,
				A2B3C4D5E6F701234567ABCD /* abreviaturas.json in Resources */,
			
				22C5FB02B3184675B8379B96 /* codigos-cheatsheet.json in Resources */,
				2B114A337B0A4EEC96311492 /* fluidos.json in Resources */,
				78582CB7C80E41E390653904 /* pdf-classification.json in Resources */,
				E7A132E6F1B244BCA77CA73B /* perfusiones.json in Resources */,
				28FD9555640846E391C1A843 /* vademecum-comerciales.json in Resources */,
);
			runOnlyForDeploymentPostprocessing = 0;
		};
/* End PBXResourcesBuildPhase section */

/* Begin PBXSourcesBuildPhase section */
		44C8C1CE505645CA82721FAF /* Sources */ = {
			isa = PBXSourcesBuildPhase;
			buildActionMask = 2147483647;
			files = (
				F65DA47E1CD641D79C7E5A60 /* ManualSAMURApp.swift in Sources */,
				AC5FED6D3D0F42CDB2193280 /* RootView.swift in Sources */,
				F35DEE194DE24216B07983C2 /* Procedure.swift in Sources */,
				A2DB6AA5D5FD4EC7AA4C3F3D /* Drug.swift in Sources */,
				1E094FA316EB4DC4B0A33363 /* Code.swift in Sources */,
				CA8BC90130AA4964911EFA9E /* Hospital.swift in Sources */,
				5CCA7DE1BCF5485CB0E8844E /* Manifest.swift in Sources */,
				AA1234567890ABCDEF123456 /* Base.swift in Sources */,
				CC1234567890ABCDEF123456 /* Status4Entry.swift in Sources */,
				950AF04E7DE542FC8E28BA8B /* DataStore.swift in Sources */,
				505DEB4A608B463EA02E6725 /* DataService.swift in Sources */,
				0B1C2DAD9DDE405B899B26B1 /* ManualView.swift in Sources */,
				750198DC5A4B4E0CB941B049 /* ProcedureDetailView.swift in Sources */,
				63FDAA60123244179E01F475 /* CodigosView.swift in Sources */,
				581CF6258D2B4E27840CE968 /* CodeDetailView.swift in Sources */,
				FBDEBE034AB945CC952D1D23 /* VademecumView.swift in Sources */,
				85FD236E7BEB469FBB3ECC86 /* DrugDetailView.swift in Sources */,
				410E130534CB4D41BB6AFCA7 /* MapaView.swift in Sources */,
				A5680F4EF6B04863B604E10E /* LoadingView.swift in Sources */,
				E2899DF2FF6F4044BB496AD4 /* SectionBadge.swift in Sources */,
				83B7478990CD4D399CDC3CD3 /* EmptySearchView.swift in Sources */,
				2F8329BD595A4F64936362E7 /* ColorExtension.swift in Sources */,
				AA1122334455667788990011 /* TypographyExtension.swift in Sources */,
				CC1122334455667788990033 /* HapticFeedback.swift in Sources */,
				F1A2B3C4D5E601234567ABCD /* DesignSystem.swift in Sources */,
				B2C3D4E5F6A701234567BCDE /* ProcedureListRow.swift in Sources */,
				C3D4E5F6A7B801234567CDEF /* SectionGroup.swift in Sources */,
				A1B2C3D4E5F601234567ABCD /* GlobalSearchView.swift in Sources */,
				C1D2E3F4A5B601234567ABCD /* AbreviaturasView.swift in Sources */,
				E1F2A3B4C5D601234567ABCD /* AppMenuSheet.swift in Sources */,
			
				DD084EC6EAC84F7A908F894F /* CheatsheetSection.swift in Sources */,
				1ED1ABED6A584C8F86540E44 /* CommercialDrug.swift in Sources */,
				CB412335E29A464F9D831518 /* Fluid.swift in Sources */,
				44C92D2A391040DDBFA3005B /* PDFAttachment.swift in Sources */,
				D987CEFF31C84D51873AC38E /* Perfusion.swift in Sources */,
				95D55726170A498EA2845DDF /* PerfusionDetailView.swift in Sources */,
				92702C99AE5E458A9CA40A96 /* FluidDetailView.swift in Sources */,
				39480F2E424141F686A63F74 /* ProcedureAnnexesView.swift in Sources */,
				AA2B3C4D5E6F7A8B9C0D1E22 /* ManualUpdateEvent.swift in Sources */,
				CC4D5E6F7A8B9C0D1E2F3A44 /* ProcedureSection.swift in Sources */,
				EE6F7A8B9C0D1E2F3A4B5C66 /* SectionDetailView.swift in Sources */,
				GG8A9B0C1D2E3F4A5B6C7D88 /* HistorialView.swift in Sources */,
);
			runOnlyForDeploymentPostprocessing = 0;
		};
/* End PBXSourcesBuildPhase section */

/* Begin XCBuildConfiguration section */
		2BE0ADDE7FA240E5B1825096 /* Debug */ = {
			isa = XCBuildConfiguration;
			buildSettings = {
				ALWAYS_SEARCH_USER_PATHS = NO;
				ASSETCATALOG_COMPILER_APPICON_NAME = AppIcon;
				ASSETCATALOG_COMPILER_GENERATE_SWIFT_ASSET_SYMBOL_EXTENSIONS = YES;
				ASSETCATALOG_COMPILER_GLOBAL_ACCENT_COLOR_NAME = AccentColor;
				CODE_SIGN_STYLE = Automatic;
				CURRENT_PROJECT_VERSION = 1;
				DEVELOPMENT_TEAM = "";
				GENERATE_INFOPLIST_FILE = NO;
				INFOPLIST_FILE = ManualSAMUR/Info.plist;
				IPHONEOS_DEPLOYMENT_TARGET = 18.0;
				LD_RUNPATH_SEARCH_PATHS = (
					"$(inherited)",
					"@executable_path/Frameworks",
				);
				MARKETING_VERSION = 1.0;
				PRODUCT_BUNDLE_IDENTIFIER = com.samur.manual.native;
				PRODUCT_NAME = "$(TARGET_NAME)";
				SDKROOT = iphoneos;
				SWIFT_EMIT_LOC_STRINGS = YES;
				SWIFT_VERSION = 6.0;
				TARGETED_DEVICE_FAMILY = "1,2";
			};
			name = Debug;
		};
		4AD9288F225E4E8C88828E00 /* Release */ = {
			isa = XCBuildConfiguration;
			buildSettings = {
				ALWAYS_SEARCH_USER_PATHS = NO;
				ASSETCATALOG_COMPILER_APPICON_NAME = AppIcon;
				ASSETCATALOG_COMPILER_GENERATE_SWIFT_ASSET_SYMBOL_EXTENSIONS = YES;
				ASSETCATALOG_COMPILER_GLOBAL_ACCENT_COLOR_NAME = AccentColor;
				CODE_SIGN_STYLE = Automatic;
				COPY_PHASE_STRIP = NO;
				CURRENT_PROJECT_VERSION = 1;
				DEBUG_INFORMATION_FORMAT = "dwarf-with-dsym";
				DEVELOPMENT_TEAM = "";
				GENERATE_INFOPLIST_FILE = NO;
				INFOPLIST_FILE = ManualSAMUR/Info.plist;
				IPHONEOS_DEPLOYMENT_TARGET = 18.0;
				LD_RUNPATH_SEARCH_PATHS = (
					"$(inherited)",
					"@executable_path/Frameworks",
				);
				MARKETING_VERSION = 1.0;
				PRODUCT_BUNDLE_IDENTIFIER = com.samur.manual.native;
				PRODUCT_NAME = "$(TARGET_NAME)";
				SDKROOT = iphoneos;
				SWIFT_COMPILATION_MODE = wholemodule;
				SWIFT_EMIT_LOC_STRINGS = YES;
				SWIFT_OPTIMIZATION_LEVEL = "-O";
				SWIFT_VERSION = 6.0;
				TARGETED_DEVICE_FAMILY = "1,2";
				VALIDATE_PRODUCT = YES;
			};
			name = Release;
		};
		273E9176BA124007A42F70AF /* Debug */ = {
			isa = XCBuildConfiguration;
			buildSettings = {
				ALWAYS_SEARCH_USER_PATHS = NO;
				CLANG_ANALYZER_NONNULL = YES;
				CLANG_ANALYZER_NUMBER_OBJECT_CONVERSION = YES_AGGRESSIVE;
				CLANG_CXX_LANGUAGE_STANDARD = "gnu++20";
				CLANG_ENABLE_MODULES = YES;
				CLANG_ENABLE_OBJC_ARC = YES;
				CLANG_ENABLE_OBJC_WEAK = YES;
				CLANG_WARN_BLOCK_CAPTURE_AUTORELEASING = YES;
				CLANG_WARN_BOOL_CONVERSION = YES;
				CLANG_WARN_COMMA = YES;
				CLANG_WARN_CONSTANT_CONVERSION = YES;
				CLANG_WARN_DEPRECATED_OBJC_IMPLEMENTATIONS = YES;
				CLANG_WARN_DIRECT_OBJC_ISA_USAGE = YES_ERROR;
				CLANG_WARN_DOCUMENTATION_COMMENTS = YES;
				CLANG_WARN_EMPTY_BODY = YES;
				CLANG_WARN_ENUM_CONVERSION = YES;
				CLANG_WARN_INFINITE_RECURSION = YES;
				CLANG_WARN_INT_CONVERSION = YES;
				CLANG_WARN_NON_LITERAL_NULL_CONVERSION = YES;
				CLANG_WARN_OBJC_IMPLICIT_RETAIN_SELF = YES;
				CLANG_WARN_OBJC_LITERAL_CONVERSION = YES;
				CLANG_WARN_OBJC_ROOT_CLASS = YES_ERROR;
				CLANG_WARN_QUOTED_INCLUDE_IN_FRAMEWORK_HEADER = YES;
				CLANG_WARN_RANGE_LOOP_ANALYSIS = YES;
				CLANG_WARN_STRICT_PROTOTYPES = YES;
				CLANG_WARN_SUSPICIOUS_MOVE = YES;
				CLANG_WARN_UNGUARDED_AVAILABILITY = YES_AGGRESSIVE;
				CLANG_WARN_UNREACHABLE_CODE = YES;
				CLANG_WARN__DUPLICATE_METHOD_EXCEPTION = YES;
				COPY_PHASE_STRIP = NO;
				DEBUG_INFORMATION_FORMAT = dwarf;
				ENABLE_STRICT_OBJC_MSGSEND = YES;
				ENABLE_TESTABILITY = YES;
				ENABLE_USER_SCRIPT_SANDBOXING = YES;
				GCC_C_LANGUAGE_STANDARD = gnu17;
				GCC_DYNAMIC_NO_PIC = NO;
				GCC_NO_COMMON_BLOCKS = YES;
				GCC_OPTIMIZATION_LEVEL = 0;
				GCC_PREPROCESSOR_DEFINITIONS = (
					"DEBUG=1",
					"$(inherited)",
				);
				GCC_WARN_64_TO_32_BIT_CONVERSION = YES;
				GCC_WARN_ABOUT_RETURN_TYPE = YES_ERROR;
				GCC_WARN_UNDECLARED_SELECTOR = YES;
				GCC_WARN_UNINITIALIZED_AUTOS = YES_AGGRESSIVE;
				GCC_WARN_UNUSED_FUNCTION = YES;
				GCC_WARN_UNUSED_VARIABLE = YES;
				IPHONEOS_DEPLOYMENT_TARGET = 18.0;
				MTL_ENABLE_DEBUG_INFO = INCLUDE_SOURCE;
				MTL_FAST_MATH = YES;
				ONLY_ACTIVE_ARCH = YES;
				SDKROOT = iphoneos;
				SWIFT_ACTIVE_COMPILATION_CONDITIONS = DEBUG;
				SWIFT_OPTIMIZATION_LEVEL = "-Onone";
			};
			name = Debug;
		};
		2B4AA3FB480845BBBEE5CEA2 /* Release */ = {
			isa = XCBuildConfiguration;
			buildSettings = {
				ALWAYS_SEARCH_USER_PATHS = NO;
				CLANG_ANALYZER_NONNULL = YES;
				CLANG_ANALYZER_NUMBER_OBJECT_CONVERSION = YES_AGGRESSIVE;
				CLANG_CXX_LANGUAGE_STANDARD = "gnu++20";
				CLANG_ENABLE_MODULES = YES;
				CLANG_ENABLE_OBJC_ARC = YES;
				CLANG_ENABLE_OBJC_WEAK = YES;
				CLANG_WARN_BLOCK_CAPTURE_AUTORELEASING = YES;
				CLANG_WARN_BOOL_CONVERSION = YES;
				CLANG_WARN_COMMA = YES;
				CLANG_WARN_CONSTANT_CONVERSION = YES;
				CLANG_WARN_DEPRECATED_OBJC_IMPLEMENTATIONS = YES;
				CLANG_WARN_DIRECT_OBJC_ISA_USAGE = YES_ERROR;
				CLANG_WARN_DOCUMENTATION_COMMENTS = YES;
				CLANG_WARN_EMPTY_BODY = YES;
				CLANG_WARN_ENUM_CONVERSION = YES;
				CLANG_WARN_INFINITE_RECURSION = YES;
				CLANG_WARN_INT_CONVERSION = YES;
				CLANG_WARN_NON_LITERAL_NULL_CONVERSION = YES;
				CLANG_WARN_OBJC_IMPLICIT_RETAIN_SELF = YES;
				CLANG_WARN_OBJC_LITERAL_CONVERSION = YES;
				CLANG_WARN_OBJC_ROOT_CLASS = YES_ERROR;
				CLANG_WARN_QUOTED_INCLUDE_IN_FRAMEWORK_HEADER = YES;
				CLANG_WARN_RANGE_LOOP_ANALYSIS = YES;
				CLANG_WARN_STRICT_PROTOTYPES = YES;
				CLANG_WARN_SUSPICIOUS_MOVE = YES;
				CLANG_WARN_UNGUARDED_AVAILABILITY = YES_AGGRESSIVE;
				CLANG_WARN_UNREACHABLE_CODE = YES;
				CLANG_WARN__DUPLICATE_METHOD_EXCEPTION = YES;
				COPY_PHASE_STRIP = NO;
				DEBUG_INFORMATION_FORMAT = "dwarf-with-dsym";
				ENABLE_NS_ASSERTIONS = NO;
				ENABLE_STRICT_OBJC_MSGSEND = YES;
				ENABLE_USER_SCRIPT_SANDBOXING = YES;
				GCC_C_LANGUAGE_STANDARD = gnu17;
				GCC_NO_COMMON_BLOCKS = YES;
				GCC_WARN_64_TO_32_BIT_CONVERSION = YES;
				GCC_WARN_ABOUT_RETURN_TYPE = YES_ERROR;
				GCC_WARN_UNDECLARED_SELECTOR = YES;
				GCC_WARN_UNINITIALIZED_AUTOS = YES_AGGRESSIVE;
				GCC_WARN_UNUSED_FUNCTION = YES;
				GCC_WARN_UNUSED_VARIABLE = YES;
				IPHONEOS_DEPLOYMENT_TARGET = 18.0;
				MTL_FAST_MATH = YES;
				SDKROOT = iphoneos;
				SWIFT_COMPILATION_MODE = wholemodule;
				SWIFT_OPTIMIZATION_LEVEL = "-O";
				VALIDATE_PRODUCT = YES;
			};
			name = Release;
		};
/* End XCBuildConfiguration section */

/* Begin XCConfigurationList section */
		953E27A466FC4759B1B3D112 /* Build configuration list for PBXProject "ManualSAMUR" */ = {
			isa = XCConfigurationList;
			buildConfigurations = (
				273E9176BA124007A42F70AF /* Debug */,
				2B4AA3FB480845BBBEE5CEA2 /* Release */,
			);
			defaultConfigurationIsVisible = 0;
			defaultConfigurationName = Release;
		};
		BA135DE65FB0458480B09E50 /* Build configuration list for PBXNativeTarget "ManualSAMUR" */ = {
			isa = XCConfigurationList;
			buildConfigurations = (
				2BE0ADDE7FA240E5B1825096 /* Debug */,
				4AD9288F225E4E8C88828E00 /* Release */,
			);
			defaultConfigurationIsVisible = 0;
			defaultConfigurationName = Release;
		};
/* End XCConfigurationList section */

/* Begin XCRemoteSwiftPackageReference section */
		C6894D4282664CA293D2792C /* XCRemoteSwiftPackageReference "swift-markdown-ui" */ = {
			isa = XCRemoteSwiftPackageReference;
			repositoryURL = "https://github.com/gonzalezreal/swift-markdown-ui";
			requirement = {
				kind = upToNextMajorVersion;
				minimumVersion = 2.4.0;
			};
		};
/* End XCRemoteSwiftPackageReference section */

/* Begin XCSwiftPackageProductDependency section */
		656C46BA777F4266AE7E80DB /* MarkdownUI */ = {
			isa = XCSwiftPackageProductDependency;
			package = C6894D4282664CA293D2792C /* XCRemoteSwiftPackageReference "swift-markdown-ui" */;
			productName = MarkdownUI;
		};
/* End XCSwiftPackageProductDependency section */

	};
	rootObject = 131E5B9D6B494F59BFA0A365 /* Project object */;
}
